
Microsoft Visual Studio Solution File, Format Version 12.00
# Visual Studio 14
VisualStudioVersion = 14.0.25123.0
MinimumVisualStudioVersion = 10.0.40219.1
Project("{FAE04EC0-301F-11D3-BF4B-00C04F79EFBC}") = "RegexCompiler", "RegexCompiler\RegexCompiler.csproj", "{844DE5A3-7FCE-48D5-8F25-88E4899E819D}"
EndProject
Project("{FAE04EC0-301F-11D3-BF4B-00C04F79EFBC}") = "RegexHelpers", "RegexHelpers\RegexHelpers.csproj", "{1E9C579C-688F-43BC-A90F-55CEE326122A}"
EndProject
Project("{FAE04EC0-301F-11D3-BF4B-00C04F79EFBC}") = "RegexTest", "RegexTest\RegexTest.csproj", "{E731C50C-ABCC-41A0-A086-A92698EE9A21}"
	ProjectSection(ProjectDependencies) = postProject
		{844DE5A3-7FCE-48D5-8F25-88E4899E819D} = {844DE5A3-7FCE-48D5-8F25-88E4899E819D}
	EndProjectSection
EndProject
Project("{2150E333-8FDC-42A3-9474-1A3956D46DE8}") = "Solution Items", "Solution Items", "{367A9C5B-DFEF-456C-AB88-8C9CB8D0D5D5}"
	ProjectSection(SolutionItems) = preProject
		GlobalAssemblyInfo.cs = GlobalAssemblyInfo.cs
	EndProjectSection
EndProject
Global
	GlobalSection(SolutionConfigurationPlatforms) = preSolution
		Debug|Any CPU = Debug|Any CPU
		Release|Any CPU = Release|Any CPU
	EndGlobalSection
	GlobalSection(ProjectConfigurationPlatforms) = postSolution
		{844DE5A3-7FCE-48D5-8F25-88E4899E819D}.Debug|Any CPU.ActiveCfg = Debug|Any CPU
		{844DE5A3-7FCE-48D5-8F25-88E4899E819D}.Debug|Any CPU.Build.0 = Debug|Any CPU
		{844DE5A3-7FCE-48D5-8F25-88E4899E819D}.Release|Any CPU.ActiveCfg = Release|Any CPU
		{844DE5A3-7FCE-48D5-8F25-88E4899E819D}.Release|Any CPU.Build.0 = Release|Any CPU
		{1E9C579C-688F-43BC-A90F-55CEE326122A}.Debug|Any CPU.ActiveCfg = Debug|Any CPU
		{1E9C579C-688F-43BC-A90F-55CEE326122A}.Debug|Any CPU.Build.0 = Debug|Any CPU
		{1E9C579C-688F-43BC-A90F-55CEE326122A}.Release|Any CPU.ActiveCfg = Release|Any CPU
		{1E9C579C-688F-43BC-A90F-55CEE326122A}.Release|Any CPU.Build.0 = Release|Any CPU
		{E731C50C-ABCC-41A0-A086-A92698EE9A21}.Debug|Any CPU.ActiveCfg = Debug|Any CPU
		{E731C50C-ABCC-41A0-A086-A92698EE9A21}.Debug|Any CPU.Build.0 = Debug|Any CPU
		{E731C50C-ABCC-41A0-A086-A92698EE9A21}.Release|Any CPU.ActiveCfg = Release|Any CPU
		{E731C50C-ABCC-41A0-A086-A92698EE9A21}.Release|Any CPU.Build.0 = Release|Any CPU
	EndGlobalSection
	GlobalSection(SolutionProperties) = preSolution
		HideSolutionNode = FALSE
	EndGlobalSection
EndGlobal
